
Microsoft Visual Studio Solution File, Format Version 12.00
# Visual Studio Version 16
VisualStudioVersion = 16.0.32228.343
MinimumVisualStudioVersion = 10.0.40219.1
Project("{FAE04EC0-301F-11D3-BF4B-00C04F79EFBC}") = "AppHibrida_MGI_SHDB", "AppHibrida_MGI_SHDB\AppHibrida_MGI_SHDB.csproj", "{F839EBFE-90F2-4B5F-A59B-7A7AE5363989}"
EndProject
Global
	GlobalSection(SolutionConfigurationPlatforms) = preSolution
		Debug|Any CPU = Debug|Any CPU
		Release|Any CPU = Release|Any CPU
	EndGlobalSection
	GlobalSection(ProjectConfigurationPlatforms) = postSolution
		{F839EBFE-90F2-4B5F-A59B-7A7AE5363989}.Debug|Any CPU.ActiveCfg = Debug|Any CPU
		{F839EBFE-90F2-4B5F-A59B-7A7AE5363989}.Debug|Any CPU.Build.0 = Debug|Any CPU
		{F839EBFE-90F2-4B5F-A59B-7A7AE5363989}.Release|Any CPU.ActiveCfg = Release|Any CPU
		{F839EBFE-90F2-4B5F-A59B-7A7AE5363989}.Release|Any CPU.Build.0 = Release|Any CPU
	EndGlobalSection
	GlobalSection(SolutionProperties) = preSolution
		HideSolutionNode = FALSE
	EndGlobalSection
	GlobalSection(ExtensibilityGlobals) = postSolution
		SolutionGuid = {3A961F4D-7A87-4609-B04F-B31579E50158}
	EndGlobalSection
EndGlobal
